// !$*UTF8*$!
{
	archiveVersion = 1;
	classes = {
	};
	objectVersion = 50;
	objects = {

/* Begin PBXBuildFile section */
		2EE34D7F27BFA679003EF6AE /* View Extension.swift in Sources */ = {isa = PBXBuildFile; fileRef = 2EE34D7E27BFA679003EF6AE /* View Extension.swift */; };
		2EE34D8127BFAC46003EF6AE /* TestamentSelectionView.swift in Sources */ = {isa = PBXBuildFile; fileRef = 2EE34D8027BFAC46003EF6AE /* TestamentSelectionView.swift */; };
		43B3B7B627BE890A008DA873 /* MainViewModel.swift in Sources */ = {isa = PBXBuildFile; fileRef = 43B3B7B527BE890A008DA873 /* MainViewModel.swift */; };
		43B3B7BE27BED46A008DA873 /* ChapterInBook.swift in Sources */ = {isa = PBXBuildFile; fileRef = 43B3B7BD27BED46A008DA873 /* ChapterInBook.swift */; };
		43C5641B27A417EA00402F61 /* BibleApp.swift in Sources */ = {isa = PBXBuildFile; fileRef = 43C5641A27A417EA00402F61 /* BibleApp.swift */; };
		43C5641D27A417EA00402F61 /* ContentView.swift in Sources */ = {isa = PBXBuildFile; fileRef = 43C5641C27A417EA00402F61 /* ContentView.swift */; };
		43C5641F27A417ED00402F61 /* Assets.xcassets in Resources */ = {isa = PBXBuildFile; fileRef = 43C5641E27A417ED00402F61 /* Assets.xcassets */; };
		43C5642227A417ED00402F61 /* Preview Assets.xcassets in Resources */ = {isa = PBXBuildFile; fileRef = 43C5642127A417ED00402F61 /* Preview Assets.xcassets */; };
		43C5642B27A41B7F00402F61 /* BibleModel.swift in Sources */ = {isa = PBXBuildFile; fileRef = 43C5642A27A41B7F00402F61 /* BibleModel.swift */; };
		43C5643627A4478900402F61 /* ChapterDetail.swift in Sources */ = {isa = PBXBuildFile; fileRef = 43C5643527A4478900402F61 /* ChapterDetail.swift */; };
/* End PBXBuildFile section */

/* Begin PBXFileReference section */
		2EE34D7E27BFA679003EF6AE /* View Extension.swift */ = {isa = PBXFileReference; lastKnownFileType = sourcecode.swift; path = "View Extension.swift"; sourceTree = "<group>"; };
		2EE34D8027BFAC46003EF6AE /* TestamentSelectionView.swift */ = {isa = PBXFileReference; lastKnownFileType = sourcecode.swift; path = TestamentSelectionView.swift; sourceTree = "<group>"; };
		43B3B7B527BE890A008DA873 /* MainViewModel.swift */ = {isa = PBXFileReference; lastKnownFileType = sourcecode.swift; path = MainViewModel.swift; sourceTree = "<group>"; };
		43B3B7BD27BED46A008DA873 /* ChapterInBook.swift */ = {isa = PBXFileReference; lastKnownFileType = sourcecode.swift; path = ChapterInBook.swift; sourceTree = "<group>"; };
		43C5641727A417EA00402F61 /* Bible.app */ = {isa = PBXFileReference; explicitFileType = wrapper.application; includeInIndex = 0; path = Bible.app; sourceTree = BUILT_PRODUCTS_DIR; };
		43C5641A27A417EA00402F61 /* BibleApp.swift */ = {isa = PBXFileReference; lastKnownFileType = sourcecode.swift; path = BibleApp.swift; sourceTree = "<group>"; };
		43C5641C27A417EA00402F61 /* ContentView.swift */ = {isa = PBXFileReference; lastKnownFileType = sourcecode.swift; path = ContentView.swift; sourceTree = "<group>"; };
		43C5641E27A417ED00402F61 /* Assets.xcassets */ = {isa = PBXFileReference; lastKnownFileType = folder.assetcatalog; path = Assets.xcassets; sourceTree = "<group>"; };
		43C5642127A417ED00402F61 /* Preview Assets.xcassets */ = {isa = PBXFileReference; lastKnownFileType = folder.assetcatalog; path = "Preview Assets.xcassets"; sourceTree = "<group>"; };
		43C5642327A417ED00402F61 /* Info.plist */ = {isa = PBXFileReference; lastKnownFileType = text.plist.xml; path = Info.plist; sourceTree = "<group>"; };
		43C5642A27A41B7F00402F61 /* BibleModel.swift */ = {isa = PBXFileReference; lastKnownFileType = sourcecode.swift; path = BibleModel.swift; sourceTree = "<group>"; };
		43C5643527A4478900402F61 /* ChapterDetail.swift */ = {isa = PBXFileReference; lastKnownFileType = sourcecode.swift; path = ChapterDetail.swift; sourceTree = "<group>"; };
/* End PBXFileReference section */

/* Begin PBXFrameworksBuildPhase section */
		43C5641427A417EA00402F61 /* Frameworks */ = {
			isa = PBXFrameworksBuildPhase;
			buildActionMask = 2147483647;
			files = (
			);
			runOnlyForDeploymentPostprocessing = 0;
		};
/* End PBXFrameworksBuildPhase section */

/* Begin PBXGroup section */
		43C5640E27A417EA00402F61 = {
			isa = PBXGroup;
			children = (
				43C5641927A417EA00402F61 /* Bible */,
				43C5641827A417EA00402F61 /* Products */,
			);
			sourceTree = "<group>";
		};
		43C5641827A417EA00402F61 /* Products */ = {
			isa = PBXGroup;
			children = (
				43C5641727A417EA00402F61 /* Bible.app */,
			);
			name = Products;
			sourceTree = "<group>";
		};
		43C5641927A417EA00402F61 /* Bible */ = {
			isa = PBXGroup;
			children = (
				43C5641A27A417EA00402F61 /* BibleApp.swift */,
				43C5641C27A417EA00402F61 /* ContentView.swift */,
				43C5641E27A417ED00402F61 /* Assets.xcassets */,
				43C5642327A417ED00402F61 /* Info.plist */,
				43C5642027A417ED00402F61 /* Preview Content */,
				43C5642A27A41B7F00402F61 /* BibleModel.swift */,
				43C5643527A4478900402F61 /* ChapterDetail.swift */,
				43B3B7B527BE890A008DA873 /* MainViewModel.swift */,
				43B3B7BD27BED46A008DA873 /* ChapterInBook.swift */,
				2EE34D7E27BFA679003EF6AE /* View Extension.swift */,
				2EE34D8027BFAC46003EF6AE /* TestamentSelectionView.swift */,
			);
			path = Bible;
			sourceTree = "<group>";
		};
		43C5642027A417ED00402F61 /* Preview Content */ = {
			isa = PBXGroup;
			children = (
				43C5642127A417ED00402F61 /* Preview Assets.xcassets */,
			);
			path = "Preview Content";
			sourceTree = "<group>";
		};
/* End PBXGroup section */

/* Begin PBXNativeTarget section */
		43C5641627A417EA00402F61 /* Bible */ = {
			isa = PBXNativeTarget;
			buildConfigurationList = 43C5642627A417ED00402F61 /* Build configuration list for PBXNativeTarget "Bible" */;
			buildPhases = (
				43C5641327A417EA00402F61 /* Sources */,
				43C5641427A417EA00402F61 /* Frameworks */,
				43C5641527A417EA00402F61 /* Resources */,
			);
			buildRules = (
			);
			dependencies = (
			);
			name = Bible;
			productName = Bible;
			productReference = 43C5641727A417EA00402F61 /* Bible.app */;
			productType = "com.apple.product-type.application";
		};
/* End PBXNativeTarget section */

/* Begin PBXProject section */
		43C5640F27A417EA00402F61 /* Project object */ = {
			isa = PBXProject;
			attributes = {
				LastSwiftUpdateCheck = 1220;
				LastUpgradeCheck = 1220;
				TargetAttributes = {
					43C5641627A417EA00402F61 = {
						CreatedOnToolsVersion = 12.2;
					};
				};
			};
			buildConfigurationList = 43C5641227A417EA00402F61 /* Build configuration list for PBXProject "Bible" */;
			compatibilityVersion = "Xcode 9.3";
			developmentRegion = en;
			hasScannedForEncodings = 0;
			knownRegions = (
				en,
				Base,
			);
			mainGroup = 43C5640E27A417EA00402F61;
			productRefGroup = 43C5641827A417EA00402F61 /* Products */;
			projectDirPath = "";
			projectRoot = "";
			targets = (
				43C5641627A417EA00402F61 /* Bible */,
			);
		};
/* End PBXProject section */

/* Begin PBXResourcesBuildPhase section */
		43C5641527A417EA00402F61 /* Resources */ = {
			isa = PBXResourcesBuildPhase;
			buildActionMask = 2147483647;
			files = (
				43C5642227A417ED00402F61 /* Preview Assets.xcassets in Resources */,
				43C5641F27A417ED00402F61 /* Assets.xcassets in Resources */,
			);
			runOnlyForDeploymentPostprocessing = 0;
		};
/* End PBXResourcesBuildPhase section */

/* Begin PBXSourcesBuildPhase section */
		43C5641327A417EA00402F61 /* Sources */ = {
			isa = PBXSourcesBuildPhase;
			buildActionMask = 2147483647;
			files = (
				43C5643627A4478900402F61 /* ChapterDetail.swift in Sources */,
				2EE34D7F27BFA679003EF6AE /* View Extension.swift in Sources */,
				43C5641D27A417EA00402F61 /* ContentView.swift in Sources */,
				43C5642B27A41B7F00402F61 /* BibleModel.swift in Sources */,
				43B3B7B627BE890A008DA873 /* MainViewModel.swift in Sources */,
				2EE34D8127BFAC46003EF6AE /* TestamentSelectionView.swift in Sources */,
				43C5641B27A417EA00402F61 /* BibleApp.swift in Sources */,
				43B3B7BE27BED46A008DA873 /* ChapterInBook.swift in Sources */,
			);
			runOnlyForDeploymentPostprocessing = 0;
		};
/* End PBXSourcesBuildPhase section */

/* Begin XCBuildConfiguration section */
		43C5642427A417ED00402F61 /* Debug */ = {
			isa = XCBuildConfiguration;
			buildSettings = {
				ALWAYS_SEARCH_USER_PATHS = NO;
				CLANG_ANALYZER_NONNULL = YES;
				CLANG_ANALYZER_NUMBER_OBJECT_CONVERSION = YES_AGGRESSIVE;
				CLANG_CXX_LANGUAGE_STANDARD = "gnu++14";
				CLANG_CXX_LIBRARY = "libc++";
				CLANG_ENABLE_MODULES = YES;
				CLANG_ENABLE_OBJC_ARC = YES;
				CLANG_ENABLE_OBJC_WEAK = YES;
				CLANG_WARN_BLOCK_CAPTURE_AUTORELEASING = YES;
				CLANG_WARN_BOOL_CONVERSION = YES;
				CLANG_WARN_COMMA = YES;
				CLANG_WARN_CONSTANT_CONVERSION = YES;
				CLANG_WARN_DEPRECATED_OBJC_IMPLEMENTATIONS = YES;
				CLANG_WARN_DIRECT_OBJC_ISA_USAGE = YES_ERROR;
				CLANG_WARN_DOCUMENTATION_COMMENTS = YES;
				CLANG_WARN_EMPTY_BODY = YES;
				CLANG_WARN_ENUM_CONVERSION = YES;
				CLANG_WARN_INFINITE_RECURSION = YES;
				CLANG_WARN_INT_CONVERSION = YES;
				CLANG_WARN_NON_LITERAL_NULL_CONVERSION = YES;
				CLANG_WARN_OBJC_IMPLICIT_RETAIN_SELF = YES;
				CLANG_WARN_OBJC_LITERAL_CONVERSION = YES;
				CLANG_WARN_OBJC_ROOT_CLASS = YES_ERROR;
				CLANG_WARN_QUOTED_INCLUDE_IN_FRAMEWORK_HEADER = YES;
				CLANG_WARN_RANGE_LOOP_ANALYSIS = YES;
				CLANG_WARN_STRICT_PROTOTYPES = YES;
				CLANG_WARN_SUSPICIOUS_MOVE = YES;
				CLANG_WARN_UNGUARDED_AVAILABILITY = YES_AGGRESSIVE;
				CLANG_WARN_UNREACHABLE_CODE = YES;
				CLANG_WARN__DUPLICATE_METHOD_MATCH = YES;
				COPY_PHASE_STRIP = NO;
				DEBUG_INFORMATION_FORMAT = dwarf;
				ENABLE_STRICT_OBJC_MSGSEND = YES;
				ENABLE_TESTABILITY = YES;
				GCC_C_LANGUAGE_STANDARD = gnu11;
				GCC_DYNAMIC_NO_PIC = NO;
				GCC_NO_COMMON_BLOCKS = YES;
				GCC_OPTIMIZATION_LEVEL = 0;
				GCC_PREPROCESSOR_DEFINITIONS = (
					"DEBUG=1",
					"$(inherited)",
				);
				GCC_WARN_64_TO_32_BIT_CONVERSION = YES;
				GCC_WARN_ABOUT_RETURN_TYPE = YES_ERROR;
				GCC_WARN_UNDECLARED_SELECTOR = YES;
				GCC_WARN_UNINITIALIZED_AUTOS = YES_AGGRESSIVE;
				GCC_WARN_UNUSED_FUNCTION = YES;
				GCC_WARN_UNUSED_VARIABLE = YES;
				IPHONEOS_DEPLOYMENT_TARGET = 15.2;
				MTL_ENABLE_DEBUG_INFO = INCLUDE_SOURCE;
				MTL_FAST_MATH = YES;
				ONLY_ACTIVE_ARCH = YES;
				SDKROOT = iphoneos;
				SWIFT_ACTIVE_COMPILATION_CONDITIONS = DEBUG;
				SWIFT_OPTIMIZATION_LEVEL = "-Onone";
			};
			name = Debug;
		};
		43C5642527A417ED00402F61 /* Release */ = {
			isa = XCBuildConfiguration;
			buildSettings = {
				ALWAYS_SEARCH_USER_PATHS = NO;
				CLANG_ANALYZER_NONNULL = YES;
				CLANG_ANALYZER_NUMBER_OBJECT_CONVERSION = YES_AGGRESSIVE;
				CLANG_CXX_LANGUAGE_STANDARD = "gnu++14";
				CLANG_CXX_LIBRARY = "libc++";
				CLANG_ENABLE_MODULES = YES;
				CLANG_ENABLE_OBJC_ARC = YES;
				CLANG_ENABLE_OBJC_WEAK = YES;
				CLANG_WARN_BLOCK_CAPTURE_AUTORELEASING = YES;
				CLANG_WARN_BOOL_CONVERSION = YES;
				CLANG_WARN_COMMA = YES;
				CLANG_WARN_CONSTANT_CONVERSION = YES;
				CLANG_WARN_DEPRECATED_OBJC_IMPLEMENTATIONS = YES;
				CLANG_WARN_DIRECT_OBJC_ISA_USAGE = YES_ERROR;
				CLANG_WARN_DOCUMENTATION_COMMENTS = YES;
				CLANG_WARN_EMPTY_BODY = YES;
				CLANG_WARN_ENUM_CONVERSION = YES;
				CLANG_WARN_INFINITE_RECURSION = YES;
				CLANG_WARN_INT_CONVERSION = YES;
				CLANG_WARN_NON_LITERAL_NULL_CONVERSION = YES;
				CLANG_WARN_OBJC_IMPLICIT_RETAIN_SELF = YES;
				CLANG_WARN_OBJC_LITERAL_CONVERSION = YES;
				CLANG_WARN_OBJC_ROOT_CLASS = YES_ERROR;
				CLANG_WARN_QUOTED_INCLUDE_IN_FRAMEWORK_HEADER = YES;
				CLANG_WARN_RANGE_LOOP_ANALYSIS = YES;
				CLANG_WARN_STRICT_PROTOTYPES = YES;
				CLANG_WARN_SUSPICIOUS_MOVE = YES;
				CLANG_WARN_UNGUARDED_AVAILABILITY = YES_AGGRESSIVE;
				CLANG_WARN_UNREACHABLE_CODE = YES;
				CLANG_WARN__DUPLICATE_METHOD_MATCH = YES;
				COPY_PHASE_STRIP = NO;
				DEBUG_INFORMATION_FORMAT = "dwarf-with-dsym";
				ENABLE_NS_ASSERTIONS = NO;
				ENABLE_STRICT_OBJC_MSGSEND = YES;
				GCC_C_LANGUAGE_STANDARD = gnu11;
				GCC_NO_COMMON_BLOCKS = YES;
				GCC_WARN_64_TO_32_BIT_CONVERSION = YES;
				GCC_WARN_ABOUT_RETURN_TYPE = YES_ERROR;
				GCC_WARN_UNDECLARED_SELECTOR = YES;
				GCC_WARN_UNINITIALIZED_AUTOS = YES_AGGRESSIVE;
				GCC_WARN_UNUSED_FUNCTION = YES;
				GCC_WARN_UNUSED_VARIABLE = YES;
				IPHONEOS_DEPLOYMENT_TARGET = 15.2;
				MTL_ENABLE_DEBUG_INFO = NO;
				MTL_FAST_MATH = YES;
				SDKROOT = iphoneos;
				SWIFT_COMPILATION_MODE = wholemodule;
				SWIFT_OPTIMIZATION_LEVEL = "-O";
				VALIDATE_PRODUCT = YES;
			};
			name = Release;
		};
		43C5642727A417ED00402F61 /* Debug */ = {
			isa = XCBuildConfiguration;
			buildSettings = {
				ASSETCATALOG_COMPILER_APPICON_NAME = AppIcon;
				ASSETCATALOG_COMPILER_GLOBAL_ACCENT_COLOR_NAME = AccentColor;
				CODE_SIGN_STYLE = Automatic;
				DEVELOPMENT_ASSET_PATHS = "\"Bible/Preview Content\"";
				DEVELOPMENT_TEAM = 4Z2875XN8M;
				ENABLE_PREVIEWS = YES;
				INFOPLIST_FILE = Bible/Info.plist;
				IPHONEOS_DEPLOYMENT_TARGET = 14.0;
				LD_RUNPATH_SEARCH_PATHS = (
					"$(inherited)",
					"@executable_path/Frameworks",
				);
				PRODUCT_BUNDLE_IDENTIFIER = com.bogdanhvuft;
				PRODUCT_NAME = "$(TARGET_NAME)";
				SWIFT_VERSION = 5.0;
				TARGETED_DEVICE_FAMILY = "1,2";
			};
			name = Debug;
		};
		43C5642827A417ED00402F61 /* Release */ = {
			isa = XCBuildConfiguration;
			buildSettings = {
				ASSETCATALOG_COMPILER_APPICON_NAME = AppIcon;
				ASSETCATALOG_COMPILER_GLOBAL_ACCENT_COLOR_NAME = AccentColor;
				CODE_SIGN_STYLE = Automatic;
				DEVELOPMENT_ASSET_PATHS = "\"Bible/Preview Content\"";
				DEVELOPMENT_TEAM = 4Z2875XN8M;
				ENABLE_PREVIEWS = YES;
				INFOPLIST_FILE = Bible/Info.plist;
				IPHONEOS_DEPLOYMENT_TARGET = 14.0;
				LD_RUNPATH_SEARCH_PATHS = (
					"$(inherited)",
					"@executable_path/Frameworks",
				);
				PRODUCT_BUNDLE_IDENTIFIER = com.bogdanhvuft;
				PRODUCT_NAME = "$(TARGET_NAME)";
				SWIFT_VERSION = 5.0;
				TARGETED_DEVICE_FAMILY = "1,2";
			};
			name = Release;
		};
/* End XCBuildConfiguration section */

/* Begin XCConfigurationList section */
		43C5641227A417EA00402F61 /* Build configuration list for PBXProject "Bible" */ = {
			isa = XCConfigurationList;
			buildConfigurations = (
				43C5642427A417ED00402F61 /* Debug */,
				43C5642527A417ED00402F61 /* Release */,
			);
			defaultConfigurationIsVisible = 0;
			defaultConfigurationName = Release;
		};
		43C5642627A417ED00402F61 /* Build configuration list for PBXNativeTarget "Bible" */ = {
			isa = XCConfigurationList;
			buildConfigurations = (
				43C5642727A417ED00402F61 /* Debug */,
				43C5642827A417ED00402F61 /* Release */,
			);
			defaultConfigurationIsVisible = 0;
			defaultConfigurationName = Release;
		};
/* End XCConfigurationList section */
	};
	rootObject = 43C5640F27A417EA00402F61 /* Project object */;
}
